
Microsoft Visual Studio Solution File, Format Version 12.00
# Visual Studio Version 16
VisualStudioVersion = 16.0.32802.440
MinimumVisualStudioVersion = 10.0.40219.1
Project("{FAE04EC0-301F-11D3-BF4B-00C04F79EFBC}") = "TarefasWebApi", "TarefasWebApi\TarefasWebApi.csproj", "{9F8B9774-81B0-48F9-A495-02F6C77E73D5}"
EndProject
Global
	GlobalSection(SolutionConfigurationPlatforms) = preSolution
		Debug|Any CPU = Debug|Any CPU
		Release|Any CPU = Release|Any CPU
	EndGlobalSection
	GlobalSection(ProjectConfigurationPlatforms) = postSolution
		{9F8B9774-81B0-48F9-A495-02F6C77E73D5}.Debug|Any CPU.ActiveCfg = Debug|Any CPU
		{9F8B9774-81B0-48F9-A495-02F6C77E73D5}.Debug|Any CPU.Build.0 = Debug|Any CPU
		{9F8B9774-81B0-48F9-A495-02F6C77E73D5}.Release|Any CPU.ActiveCfg = Release|Any CPU
		{9F8B9774-81B0-48F9-A495-02F6C77E73D5}.Release|Any CPU.Build.0 = Release|Any CPU
	EndGlobalSection
	GlobalSection(SolutionProperties) = preSolution
		HideSolutionNode = FALSE
	EndGlobalSection
	GlobalSection(ExtensibilityGlobals) = postSolution
		SolutionGuid = {A3CA1DC5-8B67-4C07-A9AA-CB87DD8FF530}
	EndGlobalSection
EndGlobal
